
Microsoft Visual Studio Solution File, Format Version 12.00
# Visual Studio Version 16
VisualStudioVersion = 16.0.29306.81
MinimumVisualStudioVersion = 10.0.40219.1
Project("{FAE04EC0-301F-11D3-BF4B-00C04F79EFBC}") = "Var", "Var\Var.csproj", "{663EF016-8A40-47BC-BAB3-4B3AE0095EA2}"
EndProject
Global
	GlobalSection(SolutionConfigurationPlatforms) = preSolution
		Debug|Any CPU = Debug|Any CPU
		Release|Any CPU = Release|Any CPU
	EndGlobalSection
	GlobalSection(ProjectConfigurationPlatforms) = postSolution
		{663EF016-8A40-47BC-BAB3-4B3AE0095EA2}.Debug|Any CPU.ActiveCfg = Debug|Any CPU
		{663EF016-8A40-47BC-BAB3-4B3AE0095EA2}.Debug|Any CPU.Build.0 = Debug|Any CPU
		{663EF016-8A40-47BC-BAB3-4B3AE0095EA2}.Release|Any CPU.ActiveCfg = Release|Any CPU
		{663EF016-8A40-47BC-BAB3-4B3AE0095EA2}.Release|Any CPU.Build.0 = Release|Any CPU
	EndGlobalSection
	GlobalSection(SolutionProperties) = preSolution
		HideSolutionNode = FALSE
	EndGlobalSection
	GlobalSection(ExtensibilityGlobals) = postSolution
		SolutionGuid = {A0B55DCE-4AC9-454C-8026-DD5F048921E5}
	EndGlobalSection
EndGlobal
