
Microsoft Visual Studio Solution File, Format Version 12.00
# Visual Studio Version 16
VisualStudioVersion = 16.0.29306.81
MinimumVisualStudioVersion = 10.0.40219.1
Project("{FAE04EC0-301F-11D3-BF4B-00C04F79EFBC}") = "hetedikhet", "hetedikhet\hetedikhet.csproj", "{65F477BD-D2E9-40ED-BF08-920D125F94BF}"
EndProject
Global
	GlobalSection(SolutionConfigurationPlatforms) = preSolution
		Debug|Any CPU = Debug|Any CPU
		Release|Any CPU = Release|Any CPU
	EndGlobalSection
	GlobalSection(ProjectConfigurationPlatforms) = postSolution
		{65F477BD-D2E9-40ED-BF08-920D125F94BF}.Debug|Any CPU.ActiveCfg = Debug|Any CPU
		{65F477BD-D2E9-40ED-BF08-920D125F94BF}.Debug|Any CPU.Build.0 = Debug|Any CPU
		{65F477BD-D2E9-40ED-BF08-920D125F94BF}.Release|Any CPU.ActiveCfg = Release|Any CPU
		{65F477BD-D2E9-40ED-BF08-920D125F94BF}.Release|Any CPU.Build.0 = Release|Any CPU
	EndGlobalSection
	GlobalSection(SolutionProperties) = preSolution
		HideSolutionNode = FALSE
	EndGlobalSection
	GlobalSection(ExtensibilityGlobals) = postSolution
		SolutionGuid = {F42E21BE-5F5B-44CD-B74C-FE3A75BB2837}
	EndGlobalSection
EndGlobal
